
Microsoft Visual Studio Solution File, Format Version 12.00
# Visual Studio Version 16
VisualStudioVersion = 16.0.30413.136
MinimumVisualStudioVersion = 10.0.40219.1
Project("{9A19103F-16F7-4668-BE54-9A1E7A4F7556}") = "Vejledningsbooking.ConsoleApp", "Vejledningsbooking.Console\Vejledningsbooking.ConsoleApp.csproj", "{48DA9F0F-A9F4-4145-A840-A1760A03BA75}"
EndProject
Project("{9A19103F-16F7-4668-BE54-9A1E7A4F7556}") = "Vejledningsbooking.Domain", "Vejledningsbooking.Domain\Vejledningsbooking.Domain.csproj", "{73F69A66-0DAB-4964-9A24-CEDA4DA795FF}"
EndProject
Project("{9A19103F-16F7-4668-BE54-9A1E7A4F7556}") = "Vejledningsbooking.Infrastructure", "Vejledningsbooking.Infrastructure\Vejledningsbooking.Infrastructure.csproj", "{5CA3E4DE-0FA3-4D7A-9ECF-22ECC4EF1563}"
EndProject
Global
	GlobalSection(SolutionConfigurationPlatforms) = preSolution
		Debug|Any CPU = Debug|Any CPU
		Release|Any CPU = Release|Any CPU
	EndGlobalSection
	GlobalSection(ProjectConfigurationPlatforms) = postSolution
		{48DA9F0F-A9F4-4145-A840-A1760A03BA75}.Debug|Any CPU.ActiveCfg = Debug|Any CPU
		{48DA9F0F-A9F4-4145-A840-A1760A03BA75}.Debug|Any CPU.Build.0 = Debug|Any CPU
		{48DA9F0F-A9F4-4145-A840-A1760A03BA75}.Release|Any CPU.ActiveCfg = Release|Any CPU
		{48DA9F0F-A9F4-4145-A840-A1760A03BA75}.Release|Any CPU.Build.0 = Release|Any CPU
		{73F69A66-0DAB-4964-9A24-CEDA4DA795FF}.Debug|Any CPU.ActiveCfg = Debug|Any CPU
		{73F69A66-0DAB-4964-9A24-CEDA4DA795FF}.Debug|Any CPU.Build.0 = Debug|Any CPU
		{73F69A66-0DAB-4964-9A24-CEDA4DA795FF}.Release|Any CPU.ActiveCfg = Release|Any CPU
		{73F69A66-0DAB-4964-9A24-CEDA4DA795FF}.Release|Any CPU.Build.0 = Release|Any CPU
		{5CA3E4DE-0FA3-4D7A-9ECF-22ECC4EF1563}.Debug|Any CPU.ActiveCfg = Debug|Any CPU
		{5CA3E4DE-0FA3-4D7A-9ECF-22ECC4EF1563}.Debug|Any CPU.Build.0 = Debug|Any CPU
		{5CA3E4DE-0FA3-4D7A-9ECF-22ECC4EF1563}.Release|Any CPU.ActiveCfg = Release|Any CPU
		{5CA3E4DE-0FA3-4D7A-9ECF-22ECC4EF1563}.Release|Any CPU.Build.0 = Release|Any CPU
	EndGlobalSection
	GlobalSection(SolutionProperties) = preSolution
		HideSolutionNode = FALSE
	EndGlobalSection
	GlobalSection(ExtensibilityGlobals) = postSolution
		SolutionGuid = {8371D36F-D71D-4CAB-B445-41AD7521975F}
	EndGlobalSection
EndGlobal
